
Microsoft Visual Studio Solution File, Format Version 12.00
# Visual Studio Version 17
VisualStudioVersion = 17.9.34701.34
MinimumVisualStudioVersion = 10.0.40219.1
Project("{9A19103F-16F7-4668-BE54-9A1E7A4F7556}") = "IssueManager.Api", "IssueManager.Api\IssueManager.Api.csproj", "{8A16EF53-9C29-4CCC-8ADF-8A50B873E7ED}"
EndProject
Project("{FAE04EC0-301F-11D3-BF4B-00C04F79EFBC}") = "IssueManager.Core", "IssueManager.Core\IssueManager.Core.csproj", "{0AFC844B-9CCE-43D4-8D67-F517DB75F21B}"
EndProject
Project("{2150E333-8FDC-42A3-9474-1A3956D46DE8}") = "Solution Items", "Solution Items", "{12141784-3C90-4421-BE63-BA1C1CE08A62}"
	ProjectSection(SolutionItems) = preProject
		.editorconfig = .editorconfig
	EndProjectSection
EndProject
Global
	GlobalSection(SolutionConfigurationPlatforms) = preSolution
		Debug|Any CPU = Debug|Any CPU
		Release|Any CPU = Release|Any CPU
	EndGlobalSection
	GlobalSection(ProjectConfigurationPlatforms) = postSolution
		{8A16EF53-9C29-4CCC-8ADF-8A50B873E7ED}.Debug|Any CPU.ActiveCfg = Debug|Any CPU
		{8A16EF53-9C29-4CCC-8ADF-8A50B873E7ED}.Debug|Any CPU.Build.0 = Debug|Any CPU
		{8A16EF53-9C29-4CCC-8ADF-8A50B873E7ED}.Release|Any CPU.ActiveCfg = Release|Any CPU
		{8A16EF53-9C29-4CCC-8ADF-8A50B873E7ED}.Release|Any CPU.Build.0 = Release|Any CPU
		{0AFC844B-9CCE-43D4-8D67-F517DB75F21B}.Debug|Any CPU.ActiveCfg = Debug|Any CPU
		{0AFC844B-9CCE-43D4-8D67-F517DB75F21B}.Debug|Any CPU.Build.0 = Debug|Any CPU
		{0AFC844B-9CCE-43D4-8D67-F517DB75F21B}.Release|Any CPU.ActiveCfg = Release|Any CPU
		{0AFC844B-9CCE-43D4-8D67-F517DB75F21B}.Release|Any CPU.Build.0 = Release|Any CPU
	EndGlobalSection
	GlobalSection(SolutionProperties) = preSolution
		HideSolutionNode = FALSE
	EndGlobalSection
	GlobalSection(ExtensibilityGlobals) = postSolution
		SolutionGuid = {45A0B4FB-E0BB-4D9C-86DF-B75BD0055AA5}
	EndGlobalSection
EndGlobal
